
Microsoft Visual Studio Solution File, Format Version 12.00
# Visual Studio 2012
Project("{FAE04EC0-301F-11D3-BF4B-00C04F79EFBC}") = "Сoursework", "Сoursework\Сoursework.csproj", "{23188041-0D3D-4E8E-9395-8BFD0A287B00}"
EndProject
Project("{FAE04EC0-301F-11D3-BF4B-00C04F79EFBC}") = "WarehouseDAL", "WarehouseDAL\WarehouseDAL.csproj", "{9CED4852-35FA-4019-99D2-C6D934645844}"
EndProject
Global
	GlobalSection(SolutionConfigurationPlatforms) = preSolution
		Debug|Any CPU = Debug|Any CPU
		Release|Any CPU = Release|Any CPU
	EndGlobalSection
	GlobalSection(ProjectConfigurationPlatforms) = postSolution
		{23188041-0D3D-4E8E-9395-8BFD0A287B00}.Debug|Any CPU.ActiveCfg = Debug|Any CPU
		{23188041-0D3D-4E8E-9395-8BFD0A287B00}.Debug|Any CPU.Build.0 = Debug|Any CPU
		{23188041-0D3D-4E8E-9395-8BFD0A287B00}.Release|Any CPU.ActiveCfg = Release|Any CPU
		{23188041-0D3D-4E8E-9395-8BFD0A287B00}.Release|Any CPU.Build.0 = Release|Any CPU
		{9CED4852-35FA-4019-99D2-C6D934645844}.Debug|Any CPU.ActiveCfg = Debug|Any CPU
		{9CED4852-35FA-4019-99D2-C6D934645844}.Debug|Any CPU.Build.0 = Debug|Any CPU
		{9CED4852-35FA-4019-99D2-C6D934645844}.Release|Any CPU.ActiveCfg = Release|Any CPU
		{9CED4852-35FA-4019-99D2-C6D934645844}.Release|Any CPU.Build.0 = Release|Any CPU
	EndGlobalSection
	GlobalSection(SolutionProperties) = preSolution
		HideSolutionNode = FALSE
	EndGlobalSection
EndGlobal
